
Microsoft Visual Studio Solution File, Format Version 12.00
# Visual Studio 15
VisualStudioVersion = 15.0.28307.136
MinimumVisualStudioVersion = 10.0.40219.1
Project("{9A19103F-16F7-4668-BE54-9A1E7A4F7556}") = "CandleScraper", "CandleScraper\CandleScraper.csproj", "{192A222B-86C7-4B29-814B-B12520F5673A}"
EndProject
Project("{2150E333-8FDC-42A3-9474-1A3956D46DE8}") = "SolutionItems", "SolutionItems", "{BA27763D-DC92-4FDE-9FEF-CCD467768E2A}"
	ProjectSection(SolutionItems) = preProject
		..\.gitattributes = ..\.gitattributes
		..\.gitignore = ..\.gitignore
		..\clean-with-scc.bat = ..\clean-with-scc.bat
		..\README.md = ..\README.md
	EndProjectSection
EndProject
Project("{2150E333-8FDC-42A3-9474-1A3956D46DE8}") = "Tests", "Tests", "{4CDD126E-3639-487C-BC25-0A3AB5C3C3D3}"
EndProject
Project("{9A19103F-16F7-4668-BE54-9A1E7A4F7556}") = "UnitTests", "UnitTests\UnitTests.csproj", "{9F1BE986-2857-45B3-9ED5-1D386A2AFA27}"
EndProject
Global
	GlobalSection(SolutionConfigurationPlatforms) = preSolution
		Debug|Any CPU = Debug|Any CPU
		Release|Any CPU = Release|Any CPU
	EndGlobalSection
	GlobalSection(ProjectConfigurationPlatforms) = postSolution
		{192A222B-86C7-4B29-814B-B12520F5673A}.Debug|Any CPU.ActiveCfg = Debug|Any CPU
		{192A222B-86C7-4B29-814B-B12520F5673A}.Debug|Any CPU.Build.0 = Debug|Any CPU
		{192A222B-86C7-4B29-814B-B12520F5673A}.Release|Any CPU.ActiveCfg = Release|Any CPU
		{192A222B-86C7-4B29-814B-B12520F5673A}.Release|Any CPU.Build.0 = Release|Any CPU
		{9F1BE986-2857-45B3-9ED5-1D386A2AFA27}.Debug|Any CPU.ActiveCfg = Debug|Any CPU
		{9F1BE986-2857-45B3-9ED5-1D386A2AFA27}.Debug|Any CPU.Build.0 = Debug|Any CPU
		{9F1BE986-2857-45B3-9ED5-1D386A2AFA27}.Release|Any CPU.ActiveCfg = Release|Any CPU
		{9F1BE986-2857-45B3-9ED5-1D386A2AFA27}.Release|Any CPU.Build.0 = Release|Any CPU
	EndGlobalSection
	GlobalSection(SolutionProperties) = preSolution
		HideSolutionNode = FALSE
	EndGlobalSection
	GlobalSection(NestedProjects) = preSolution
		{9F1BE986-2857-45B3-9ED5-1D386A2AFA27} = {4CDD126E-3639-487C-BC25-0A3AB5C3C3D3}
	EndGlobalSection
	GlobalSection(ExtensibilityGlobals) = postSolution
		SolutionGuid = {6233DCB9-3F89-40F7-9780-D7B33BD5C5DD}
	EndGlobalSection
EndGlobal
